
Microsoft Visual Studio Solution File, Format Version 12.00
# Visual Studio Version 16
VisualStudioVersion = 16.0.31105.61
MinimumVisualStudioVersion = 10.0.40219.1
Project("{9A19103F-16F7-4668-BE54-9A1E7A4F7556}") = "ADE.ApiGateway", "src\ADE.ApiGateway\ADE.ApiGateway.csproj", "{62A32EA2-3F34-4A91-BA3E-51D3224BAF0E}"
EndProject
Project("{2150E333-8FDC-42A3-9474-1A3956D46DE8}") = "lib", "lib", "{0F1C2818-E3C8-475A-BA92-6420A6AA3BD4}"
EndProject
Project("{9A19103F-16F7-4668-BE54-9A1E7A4F7556}") = "ADE.DataIngestorService", "src\ADE.DataIngestorService\ADE.DataIngestorService.csproj", "{08F1D9AF-9465-4E89-B841-6E263A8D0F8E}"
EndProject
Project("{9A19103F-16F7-4668-BE54-9A1E7A4F7556}") = "ADE.DataReporterService", "src\ADE.DataReporterService\ADE.DataReporterService.csproj", "{7DE0FB65-362A-4C71-9F23-A7FD6341F866}"
EndProject
Project("{9A19103F-16F7-4668-BE54-9A1E7A4F7556}") = "ADE.DataContracts", "src\ADE.DataContracts\ADE.DataContracts.csproj", "{25C5484A-4259-4B41-A622-22A2F1DD4A2B}"
EndProject
Project("{9A19103F-16F7-4668-BE54-9A1E7A4F7556}") = "ADE.DataAccess", "src\ADE.DataAccess\ADE.DataAccess.csproj", "{3FA2BF84-41A5-47B1-9872-5D0C2C70AAAE}"
EndProject
Project("{9A19103F-16F7-4668-BE54-9A1E7A4F7556}") = "ADE.UserService", "src\ADE.UserService\ADE.UserService.csproj", "{54BBF674-541B-442B-9632-4773CAA7C362}"
EndProject
Project("{9A19103F-16F7-4668-BE54-9A1E7A4F7556}") = "ADE.ServiceBase", "src\ADE.ServiceBase\ADE.ServiceBase.csproj", "{65034EAE-8BD6-4933-9712-854944E64A30}"
EndProject
Project("{9A19103F-16F7-4668-BE54-9A1E7A4F7556}") = "ADE.EventIngestorService", "src\ADE.EventIngestorService\ADE.EventIngestorService.csproj", "{FA177C92-1E85-4555-B948-6B48797652DE}"
EndProject
Project("{FAE04EC0-301F-11D3-BF4B-00C04F79EFBC}") = "ADE.EventDispatcher", "src\ADE.EventDispatcher\ADE.EventDispatcher.csproj", "{42FE432F-B1E6-4A87-8A46-1BC360F1DDC5}"
EndProject
Global
	GlobalSection(SolutionConfigurationPlatforms) = preSolution
		Debug|Any CPU = Debug|Any CPU
		Release|Any CPU = Release|Any CPU
	EndGlobalSection
	GlobalSection(ProjectConfigurationPlatforms) = postSolution
		{62A32EA2-3F34-4A91-BA3E-51D3224BAF0E}.Debug|Any CPU.ActiveCfg = Debug|Any CPU
		{62A32EA2-3F34-4A91-BA3E-51D3224BAF0E}.Debug|Any CPU.Build.0 = Debug|Any CPU
		{62A32EA2-3F34-4A91-BA3E-51D3224BAF0E}.Release|Any CPU.ActiveCfg = Release|Any CPU
		{62A32EA2-3F34-4A91-BA3E-51D3224BAF0E}.Release|Any CPU.Build.0 = Release|Any CPU
		{08F1D9AF-9465-4E89-B841-6E263A8D0F8E}.Debug|Any CPU.ActiveCfg = Debug|Any CPU
		{08F1D9AF-9465-4E89-B841-6E263A8D0F8E}.Debug|Any CPU.Build.0 = Debug|Any CPU
		{08F1D9AF-9465-4E89-B841-6E263A8D0F8E}.Release|Any CPU.ActiveCfg = Release|Any CPU
		{08F1D9AF-9465-4E89-B841-6E263A8D0F8E}.Release|Any CPU.Build.0 = Release|Any CPU
		{7DE0FB65-362A-4C71-9F23-A7FD6341F866}.Debug|Any CPU.ActiveCfg = Debug|Any CPU
		{7DE0FB65-362A-4C71-9F23-A7FD6341F866}.Debug|Any CPU.Build.0 = Debug|Any CPU
		{7DE0FB65-362A-4C71-9F23-A7FD6341F866}.Release|Any CPU.ActiveCfg = Release|Any CPU
		{7DE0FB65-362A-4C71-9F23-A7FD6341F866}.Release|Any CPU.Build.0 = Release|Any CPU
		{25C5484A-4259-4B41-A622-22A2F1DD4A2B}.Debug|Any CPU.ActiveCfg = Debug|Any CPU
		{25C5484A-4259-4B41-A622-22A2F1DD4A2B}.Debug|Any CPU.Build.0 = Debug|Any CPU
		{25C5484A-4259-4B41-A622-22A2F1DD4A2B}.Release|Any CPU.ActiveCfg = Release|Any CPU
		{25C5484A-4259-4B41-A622-22A2F1DD4A2B}.Release|Any CPU.Build.0 = Release|Any CPU
		{3FA2BF84-41A5-47B1-9872-5D0C2C70AAAE}.Debug|Any CPU.ActiveCfg = Debug|Any CPU
		{3FA2BF84-41A5-47B1-9872-5D0C2C70AAAE}.Debug|Any CPU.Build.0 = Debug|Any CPU
		{3FA2BF84-41A5-47B1-9872-5D0C2C70AAAE}.Release|Any CPU.ActiveCfg = Release|Any CPU
		{3FA2BF84-41A5-47B1-9872-5D0C2C70AAAE}.Release|Any CPU.Build.0 = Release|Any CPU
		{54BBF674-541B-442B-9632-4773CAA7C362}.Debug|Any CPU.ActiveCfg = Debug|Any CPU
		{54BBF674-541B-442B-9632-4773CAA7C362}.Debug|Any CPU.Build.0 = Debug|Any CPU
		{54BBF674-541B-442B-9632-4773CAA7C362}.Release|Any CPU.ActiveCfg = Release|Any CPU
		{54BBF674-541B-442B-9632-4773CAA7C362}.Release|Any CPU.Build.0 = Release|Any CPU
		{65034EAE-8BD6-4933-9712-854944E64A30}.Debug|Any CPU.ActiveCfg = Debug|Any CPU
		{65034EAE-8BD6-4933-9712-854944E64A30}.Debug|Any CPU.Build.0 = Debug|Any CPU
		{65034EAE-8BD6-4933-9712-854944E64A30}.Release|Any CPU.ActiveCfg = Release|Any CPU
		{65034EAE-8BD6-4933-9712-854944E64A30}.Release|Any CPU.Build.0 = Release|Any CPU
		{FA177C92-1E85-4555-B948-6B48797652DE}.Debug|Any CPU.ActiveCfg = Debug|Any CPU
		{FA177C92-1E85-4555-B948-6B48797652DE}.Debug|Any CPU.Build.0 = Debug|Any CPU
		{FA177C92-1E85-4555-B948-6B48797652DE}.Release|Any CPU.ActiveCfg = Release|Any CPU
		{FA177C92-1E85-4555-B948-6B48797652DE}.Release|Any CPU.Build.0 = Release|Any CPU
		{42FE432F-B1E6-4A87-8A46-1BC360F1DDC5}.Debug|Any CPU.ActiveCfg = Debug|Any CPU
		{42FE432F-B1E6-4A87-8A46-1BC360F1DDC5}.Debug|Any CPU.Build.0 = Debug|Any CPU
		{42FE432F-B1E6-4A87-8A46-1BC360F1DDC5}.Release|Any CPU.ActiveCfg = Release|Any CPU
		{42FE432F-B1E6-4A87-8A46-1BC360F1DDC5}.Release|Any CPU.Build.0 = Release|Any CPU
	EndGlobalSection
	GlobalSection(SolutionProperties) = preSolution
		HideSolutionNode = FALSE
	EndGlobalSection
	GlobalSection(NestedProjects) = preSolution
		{25C5484A-4259-4B41-A622-22A2F1DD4A2B} = {0F1C2818-E3C8-475A-BA92-6420A6AA3BD4}
		{3FA2BF84-41A5-47B1-9872-5D0C2C70AAAE} = {0F1C2818-E3C8-475A-BA92-6420A6AA3BD4}
		{65034EAE-8BD6-4933-9712-854944E64A30} = {0F1C2818-E3C8-475A-BA92-6420A6AA3BD4}
	EndGlobalSection
	GlobalSection(ExtensibilityGlobals) = postSolution
		SolutionGuid = {F9B83F7B-ED18-47DA-9825-7304C9CBEA2A}
	EndGlobalSection
EndGlobal
